
Microsoft Visual Studio Solution File, Format Version 12.00
# Visual Studio 15
VisualStudioVersion = 15.0.26124.0
MinimumVisualStudioVersion = 15.0.26124.0
Project("{FAE04EC0-301F-11D3-BF4B-00C04F79EFBC}") = "sakila.core", "sakila.core\sakila.core.csproj", "{13FD1512-1B98-4F29-8986-77B8221D7300}"
EndProject
Project("{FAE04EC0-301F-11D3-BF4B-00C04F79EFBC}") = "sakila.models", "sakila.models\sakila.models.csproj", "{94074E34-6C58-4CDF-A943-F25671ED00CF}"
EndProject
Project("{FAE04EC0-301F-11D3-BF4B-00C04F79EFBC}") = "sakila.services", "sakila.services\sakila.services.csproj", "{A854AA0B-FEE7-45B7-B4CB-218C85DCDD2A}"
EndProject
Project("{FAE04EC0-301F-11D3-BF4B-00C04F79EFBC}") = "sakila.web", "sakila.web\sakila.web.csproj", "{ABA0266E-769A-464C-AF07-1809FDA99B0F}"
EndProject
Global
	GlobalSection(SolutionConfigurationPlatforms) = preSolution
		Debug|Any CPU = Debug|Any CPU
		Debug|x64 = Debug|x64
		Debug|x86 = Debug|x86
		Release|Any CPU = Release|Any CPU
		Release|x64 = Release|x64
		Release|x86 = Release|x86
	EndGlobalSection
	GlobalSection(SolutionProperties) = preSolution
		HideSolutionNode = FALSE
	EndGlobalSection
	GlobalSection(ProjectConfigurationPlatforms) = postSolution
		{13FD1512-1B98-4F29-8986-77B8221D7300}.Debug|Any CPU.ActiveCfg = Debug|Any CPU
		{13FD1512-1B98-4F29-8986-77B8221D7300}.Debug|Any CPU.Build.0 = Debug|Any CPU
		{13FD1512-1B98-4F29-8986-77B8221D7300}.Debug|x64.ActiveCfg = Debug|Any CPU
		{13FD1512-1B98-4F29-8986-77B8221D7300}.Debug|x64.Build.0 = Debug|Any CPU
		{13FD1512-1B98-4F29-8986-77B8221D7300}.Debug|x86.ActiveCfg = Debug|Any CPU
		{13FD1512-1B98-4F29-8986-77B8221D7300}.Debug|x86.Build.0 = Debug|Any CPU
		{13FD1512-1B98-4F29-8986-77B8221D7300}.Release|Any CPU.ActiveCfg = Release|Any CPU
		{13FD1512-1B98-4F29-8986-77B8221D7300}.Release|Any CPU.Build.0 = Release|Any CPU
		{13FD1512-1B98-4F29-8986-77B8221D7300}.Release|x64.ActiveCfg = Release|Any CPU
		{13FD1512-1B98-4F29-8986-77B8221D7300}.Release|x64.Build.0 = Release|Any CPU
		{13FD1512-1B98-4F29-8986-77B8221D7300}.Release|x86.ActiveCfg = Release|Any CPU
		{13FD1512-1B98-4F29-8986-77B8221D7300}.Release|x86.Build.0 = Release|Any CPU
		{94074E34-6C58-4CDF-A943-F25671ED00CF}.Debug|Any CPU.ActiveCfg = Debug|Any CPU
		{94074E34-6C58-4CDF-A943-F25671ED00CF}.Debug|Any CPU.Build.0 = Debug|Any CPU
		{94074E34-6C58-4CDF-A943-F25671ED00CF}.Debug|x64.ActiveCfg = Debug|Any CPU
		{94074E34-6C58-4CDF-A943-F25671ED00CF}.Debug|x64.Build.0 = Debug|Any CPU
		{94074E34-6C58-4CDF-A943-F25671ED00CF}.Debug|x86.ActiveCfg = Debug|Any CPU
		{94074E34-6C58-4CDF-A943-F25671ED00CF}.Debug|x86.Build.0 = Debug|Any CPU
		{94074E34-6C58-4CDF-A943-F25671ED00CF}.Release|Any CPU.ActiveCfg = Release|Any CPU
		{94074E34-6C58-4CDF-A943-F25671ED00CF}.Release|Any CPU.Build.0 = Release|Any CPU
		{94074E34-6C58-4CDF-A943-F25671ED00CF}.Release|x64.ActiveCfg = Release|Any CPU
		{94074E34-6C58-4CDF-A943-F25671ED00CF}.Release|x64.Build.0 = Release|Any CPU
		{94074E34-6C58-4CDF-A943-F25671ED00CF}.Release|x86.ActiveCfg = Release|Any CPU
		{94074E34-6C58-4CDF-A943-F25671ED00CF}.Release|x86.Build.0 = Release|Any CPU
		{A854AA0B-FEE7-45B7-B4CB-218C85DCDD2A}.Debug|Any CPU.ActiveCfg = Debug|Any CPU
		{A854AA0B-FEE7-45B7-B4CB-218C85DCDD2A}.Debug|Any CPU.Build.0 = Debug|Any CPU
		{A854AA0B-FEE7-45B7-B4CB-218C85DCDD2A}.Debug|x64.ActiveCfg = Debug|Any CPU
		{A854AA0B-FEE7-45B7-B4CB-218C85DCDD2A}.Debug|x64.Build.0 = Debug|Any CPU
		{A854AA0B-FEE7-45B7-B4CB-218C85DCDD2A}.Debug|x86.ActiveCfg = Debug|Any CPU
		{A854AA0B-FEE7-45B7-B4CB-218C85DCDD2A}.Debug|x86.Build.0 = Debug|Any CPU
		{A854AA0B-FEE7-45B7-B4CB-218C85DCDD2A}.Release|Any CPU.ActiveCfg = Release|Any CPU
		{A854AA0B-FEE7-45B7-B4CB-218C85DCDD2A}.Release|Any CPU.Build.0 = Release|Any CPU
		{A854AA0B-FEE7-45B7-B4CB-218C85DCDD2A}.Release|x64.ActiveCfg = Release|Any CPU
		{A854AA0B-FEE7-45B7-B4CB-218C85DCDD2A}.Release|x64.Build.0 = Release|Any CPU
		{A854AA0B-FEE7-45B7-B4CB-218C85DCDD2A}.Release|x86.ActiveCfg = Release|Any CPU
		{A854AA0B-FEE7-45B7-B4CB-218C85DCDD2A}.Release|x86.Build.0 = Release|Any CPU
		{ABA0266E-769A-464C-AF07-1809FDA99B0F}.Debug|Any CPU.ActiveCfg = Debug|Any CPU
		{ABA0266E-769A-464C-AF07-1809FDA99B0F}.Debug|Any CPU.Build.0 = Debug|Any CPU
		{ABA0266E-769A-464C-AF07-1809FDA99B0F}.Debug|x64.ActiveCfg = Debug|Any CPU
		{ABA0266E-769A-464C-AF07-1809FDA99B0F}.Debug|x64.Build.0 = Debug|Any CPU
		{ABA0266E-769A-464C-AF07-1809FDA99B0F}.Debug|x86.ActiveCfg = Debug|Any CPU
		{ABA0266E-769A-464C-AF07-1809FDA99B0F}.Debug|x86.Build.0 = Debug|Any CPU
		{ABA0266E-769A-464C-AF07-1809FDA99B0F}.Release|Any CPU.ActiveCfg = Release|Any CPU
		{ABA0266E-769A-464C-AF07-1809FDA99B0F}.Release|Any CPU.Build.0 = Release|Any CPU
		{ABA0266E-769A-464C-AF07-1809FDA99B0F}.Release|x64.ActiveCfg = Release|Any CPU
		{ABA0266E-769A-464C-AF07-1809FDA99B0F}.Release|x64.Build.0 = Release|Any CPU
		{ABA0266E-769A-464C-AF07-1809FDA99B0F}.Release|x86.ActiveCfg = Release|Any CPU
		{ABA0266E-769A-464C-AF07-1809FDA99B0F}.Release|x86.Build.0 = Release|Any CPU
	EndGlobalSection
EndGlobal
