
Microsoft Visual Studio Solution File, Format Version 12.00
# Visual Studio 15
VisualStudioVersion = 15.0.26124.0
MinimumVisualStudioVersion = 15.0.26124.0
Project("{FAE04EC0-301F-11D3-BF4B-00C04F79EFBC}") = "sakila.core", "sakila.core\sakila.core.csproj", "{855A4A9F-49CE-4EC3-B499-8B5336825E35}"
EndProject
Project("{FAE04EC0-301F-11D3-BF4B-00C04F79EFBC}") = "sakila.models", "sakila.models\sakila.models.csproj", "{583FB2A2-894A-4C46-AF22-949225DB85EA}"
EndProject
Project("{FAE04EC0-301F-11D3-BF4B-00C04F79EFBC}") = "sakila.services", "sakila.services\sakila.services.csproj", "{B80541C6-A29A-422A-AD91-932FE3C62FAB}"
EndProject
Project("{FAE04EC0-301F-11D3-BF4B-00C04F79EFBC}") = "sakila.web", "sakila.web\sakila.web.csproj", "{9B0034BB-C9DE-46DB-A9B6-45706B7FD557}"
EndProject
Global
	GlobalSection(SolutionConfigurationPlatforms) = preSolution
		Debug|Any CPU = Debug|Any CPU
		Debug|x64 = Debug|x64
		Debug|x86 = Debug|x86
		Release|Any CPU = Release|Any CPU
		Release|x64 = Release|x64
		Release|x86 = Release|x86
	EndGlobalSection
	GlobalSection(SolutionProperties) = preSolution
		HideSolutionNode = FALSE
	EndGlobalSection
	GlobalSection(ProjectConfigurationPlatforms) = postSolution
		{855A4A9F-49CE-4EC3-B499-8B5336825E35}.Debug|Any CPU.ActiveCfg = Debug|Any CPU
		{855A4A9F-49CE-4EC3-B499-8B5336825E35}.Debug|Any CPU.Build.0 = Debug|Any CPU
		{855A4A9F-49CE-4EC3-B499-8B5336825E35}.Debug|x64.ActiveCfg = Debug|Any CPU
		{855A4A9F-49CE-4EC3-B499-8B5336825E35}.Debug|x64.Build.0 = Debug|Any CPU
		{855A4A9F-49CE-4EC3-B499-8B5336825E35}.Debug|x86.ActiveCfg = Debug|Any CPU
		{855A4A9F-49CE-4EC3-B499-8B5336825E35}.Debug|x86.Build.0 = Debug|Any CPU
		{855A4A9F-49CE-4EC3-B499-8B5336825E35}.Release|Any CPU.ActiveCfg = Release|Any CPU
		{855A4A9F-49CE-4EC3-B499-8B5336825E35}.Release|Any CPU.Build.0 = Release|Any CPU
		{855A4A9F-49CE-4EC3-B499-8B5336825E35}.Release|x64.ActiveCfg = Release|Any CPU
		{855A4A9F-49CE-4EC3-B499-8B5336825E35}.Release|x64.Build.0 = Release|Any CPU
		{855A4A9F-49CE-4EC3-B499-8B5336825E35}.Release|x86.ActiveCfg = Release|Any CPU
		{855A4A9F-49CE-4EC3-B499-8B5336825E35}.Release|x86.Build.0 = Release|Any CPU
		{583FB2A2-894A-4C46-AF22-949225DB85EA}.Debug|Any CPU.ActiveCfg = Debug|Any CPU
		{583FB2A2-894A-4C46-AF22-949225DB85EA}.Debug|Any CPU.Build.0 = Debug|Any CPU
		{583FB2A2-894A-4C46-AF22-949225DB85EA}.Debug|x64.ActiveCfg = Debug|Any CPU
		{583FB2A2-894A-4C46-AF22-949225DB85EA}.Debug|x64.Build.0 = Debug|Any CPU
		{583FB2A2-894A-4C46-AF22-949225DB85EA}.Debug|x86.ActiveCfg = Debug|Any CPU
		{583FB2A2-894A-4C46-AF22-949225DB85EA}.Debug|x86.Build.0 = Debug|Any CPU
		{583FB2A2-894A-4C46-AF22-949225DB85EA}.Release|Any CPU.ActiveCfg = Release|Any CPU
		{583FB2A2-894A-4C46-AF22-949225DB85EA}.Release|Any CPU.Build.0 = Release|Any CPU
		{583FB2A2-894A-4C46-AF22-949225DB85EA}.Release|x64.ActiveCfg = Release|Any CPU
		{583FB2A2-894A-4C46-AF22-949225DB85EA}.Release|x64.Build.0 = Release|Any CPU
		{583FB2A2-894A-4C46-AF22-949225DB85EA}.Release|x86.ActiveCfg = Release|Any CPU
		{583FB2A2-894A-4C46-AF22-949225DB85EA}.Release|x86.Build.0 = Release|Any CPU
		{B80541C6-A29A-422A-AD91-932FE3C62FAB}.Debug|Any CPU.ActiveCfg = Debug|Any CPU
		{B80541C6-A29A-422A-AD91-932FE3C62FAB}.Debug|Any CPU.Build.0 = Debug|Any CPU
		{B80541C6-A29A-422A-AD91-932FE3C62FAB}.Debug|x64.ActiveCfg = Debug|Any CPU
		{B80541C6-A29A-422A-AD91-932FE3C62FAB}.Debug|x64.Build.0 = Debug|Any CPU
		{B80541C6-A29A-422A-AD91-932FE3C62FAB}.Debug|x86.ActiveCfg = Debug|Any CPU
		{B80541C6-A29A-422A-AD91-932FE3C62FAB}.Debug|x86.Build.0 = Debug|Any CPU
		{B80541C6-A29A-422A-AD91-932FE3C62FAB}.Release|Any CPU.ActiveCfg = Release|Any CPU
		{B80541C6-A29A-422A-AD91-932FE3C62FAB}.Release|Any CPU.Build.0 = Release|Any CPU
		{B80541C6-A29A-422A-AD91-932FE3C62FAB}.Release|x64.ActiveCfg = Release|Any CPU
		{B80541C6-A29A-422A-AD91-932FE3C62FAB}.Release|x64.Build.0 = Release|Any CPU
		{B80541C6-A29A-422A-AD91-932FE3C62FAB}.Release|x86.ActiveCfg = Release|Any CPU
		{B80541C6-A29A-422A-AD91-932FE3C62FAB}.Release|x86.Build.0 = Release|Any CPU
		{9B0034BB-C9DE-46DB-A9B6-45706B7FD557}.Debug|Any CPU.ActiveCfg = Debug|Any CPU
		{9B0034BB-C9DE-46DB-A9B6-45706B7FD557}.Debug|Any CPU.Build.0 = Debug|Any CPU
		{9B0034BB-C9DE-46DB-A9B6-45706B7FD557}.Debug|x64.ActiveCfg = Debug|Any CPU
		{9B0034BB-C9DE-46DB-A9B6-45706B7FD557}.Debug|x64.Build.0 = Debug|Any CPU
		{9B0034BB-C9DE-46DB-A9B6-45706B7FD557}.Debug|x86.ActiveCfg = Debug|Any CPU
		{9B0034BB-C9DE-46DB-A9B6-45706B7FD557}.Debug|x86.Build.0 = Debug|Any CPU
		{9B0034BB-C9DE-46DB-A9B6-45706B7FD557}.Release|Any CPU.ActiveCfg = Release|Any CPU
		{9B0034BB-C9DE-46DB-A9B6-45706B7FD557}.Release|Any CPU.Build.0 = Release|Any CPU
		{9B0034BB-C9DE-46DB-A9B6-45706B7FD557}.Release|x64.ActiveCfg = Release|Any CPU
		{9B0034BB-C9DE-46DB-A9B6-45706B7FD557}.Release|x64.Build.0 = Release|Any CPU
		{9B0034BB-C9DE-46DB-A9B6-45706B7FD557}.Release|x86.ActiveCfg = Release|Any CPU
		{9B0034BB-C9DE-46DB-A9B6-45706B7FD557}.Release|x86.Build.0 = Release|Any CPU
	EndGlobalSection
EndGlobal
